// !$*UTF8*$!
{
	archiveVersion = 1;
	classes = {
	};
	objectVersion = 56;
	objects = {

/* Begin PBXBuildFile section */
		854316D6299BC29800A3686B /* WidgetKit.framework in Frameworks */ = {isa = PBXBuildFile; fileRef = 854316D5299BC29800A3686B /* WidgetKit.framework */; };
		854316D8299BC29800A3686B /* SwiftUI.framework in Frameworks */ = {isa = PBXBuildFile; fileRef = 854316D7299BC29800A3686B /* SwiftUI.framework */; };
		854316DB299BC29800A3686B /* WeatherWidgetBundle.swift in Sources */ = {isa = PBXBuildFile; fileRef = 854316DA299BC29800A3686B /* WeatherWidgetBundle.swift */; };
		854316DD299BC29800A3686B /* WeatherWidgetLiveActivity.swift in Sources */ = {isa = PBXBuildFile; fileRef = 854316DC299BC29800A3686B /* WeatherWidgetLiveActivity.swift */; };
		854316DF299BC29800A3686B /* WeatherWidget.swift in Sources */ = {isa = PBXBuildFile; fileRef = 854316DE299BC29800A3686B /* WeatherWidget.swift */; };
		854316E2299BC29900A3686B /* Assets.xcassets in Resources */ = {isa = PBXBuildFile; fileRef = 854316E1299BC29900A3686B /* Assets.xcassets */; };
		854316E4299BC29900A3686B /* WeatherWidget.intentdefinition in Sources */ = {isa = PBXBuildFile; fileRef = 854316E0299BC29800A3686B /* WeatherWidget.intentdefinition */; };
		854316E5299BC29900A3686B /* WeatherWidget.intentdefinition in Sources */ = {isa = PBXBuildFile; fileRef = 854316E0299BC29800A3686B /* WeatherWidget.intentdefinition */; };
		854316E8299BC29900A3686B /* WeatherWidgetExtension.appex in Embed Foundation Extensions */ = {isa = PBXBuildFile; fileRef = 854316D3299BC29800A3686B /* WeatherWidgetExtension.appex */; settings = {ATTRIBUTES = (RemoveHeadersOnCopy, ); }; };
		8565BEAA298BF05500CBD52B /* TodayweatherAppApp.swift in Sources */ = {isa = PBXBuildFile; fileRef = 8565BEA9298BF05500CBD52B /* TodayweatherAppApp.swift */; };
		8565BEAC298BF05500CBD52B /* ContentView.swift in Sources */ = {isa = PBXBuildFile; fileRef = 8565BEAB298BF05500CBD52B /* ContentView.swift */; };
		8565BEAE298BF05700CBD52B /* Assets.xcassets in Resources */ = {isa = PBXBuildFile; fileRef = 8565BEAD298BF05700CBD52B /* Assets.xcassets */; };
		8565BEB1298BF05700CBD52B /* Preview Assets.xcassets in Resources */ = {isa = PBXBuildFile; fileRef = 8565BEB0298BF05700CBD52B /* Preview Assets.xcassets */; };
		8565BEBA298E947900CBD52B /* WeatherAPIManager.swift in Sources */ = {isa = PBXBuildFile; fileRef = 8565BEB9298E947900CBD52B /* WeatherAPIManager.swift */; };
		8565BEBF298E95AB00CBD52B /* .gitignore in Resources */ = {isa = PBXBuildFile; fileRef = 8565BEBE298E95AB00CBD52B /* .gitignore */; };
		8565BEC2298E95D400CBD52B /* APIKey.swift in Sources */ = {isa = PBXBuildFile; fileRef = 8565BEC1298E95D400CBD52B /* APIKey.swift */; };
		8565BEC5298E986800CBD52B /* EndPoint.swift in Sources */ = {isa = PBXBuildFile; fileRef = 8565BEC4298E986800CBD52B /* EndPoint.swift */; };
		8565BECB298FA65D00CBD52B /* Alamofire in Frameworks */ = {isa = PBXBuildFile; productRef = 8565BECA298FA65D00CBD52B /* Alamofire */; };
		8565BED1298FA77400CBD52B /* UltraSrtNcst.swift in Sources */ = {isa = PBXBuildFile; fileRef = 8565BED0298FA77400CBD52B /* UltraSrtNcst.swift */; };
		8565BED5298FB65800CBD52B /* WeatherAPIRouter.swift in Sources */ = {isa = PBXBuildFile; fileRef = 8565BED4298FB65800CBD52B /* WeatherAPIRouter.swift */; };
		8565BED8298FBE9F00CBD52B /* GeoConverter.swift in Sources */ = {isa = PBXBuildFile; fileRef = 8565BED7298FBE9F00CBD52B /* GeoConverter.swift */; };
		8565BEDA298FC48500CBD52B /* Grid.swift in Sources */ = {isa = PBXBuildFile; fileRef = 8565BED9298FC48500CBD52B /* Grid.swift */; };
		8565BEE0298FE72600CBD52B /* WeatherURLEncoding.swift in Sources */ = {isa = PBXBuildFile; fileRef = 8565BEDF298FE72600CBD52B /* WeatherURLEncoding.swift */; };
		859EDF0429912576002FFE35 /* WeatherNetworkType.swift in Sources */ = {isa = PBXBuildFile; fileRef = 859EDF0329912576002FFE35 /* WeatherNetworkType.swift */; };
		859EDF0629927990002FFE35 /* UltraSrtFcst.swift in Sources */ = {isa = PBXBuildFile; fileRef = 859EDF0529927990002FFE35 /* UltraSrtFcst.swift */; };
		859EDF0829927C57002FFE35 /* VilageFcst.swift in Sources */ = {isa = PBXBuildFile; fileRef = 859EDF0729927C57002FFE35 /* VilageFcst.swift */; };
		85AEBA552995DB3C0057BE2C /* HourWeatherView.swift in Sources */ = {isa = PBXBuildFile; fileRef = 85AEBA542995DB3C0057BE2C /* HourWeatherView.swift */; };
		85AEBA572995DB5B0057BE2C /* WeatherHome.swift in Sources */ = {isa = PBXBuildFile; fileRef = 85AEBA562995DB5B0057BE2C /* WeatherHome.swift */; };
		85AEBA5A2995DDD80057BE2C /* WeatherViewModel.swift in Sources */ = {isa = PBXBuildFile; fileRef = 85AEBA592995DDD80057BE2C /* WeatherViewModel.swift */; };
		85AEBA5D2995E7380057BE2C /* HourWeather.swift in Sources */ = {isa = PBXBuildFile; fileRef = 85AEBA5C2995E7380057BE2C /* HourWeather.swift */; };
		85AEBA6129961AFA0057BE2C /* HourWeatherItem.swift in Sources */ = {isa = PBXBuildFile; fileRef = 85AEBA6029961AFA0057BE2C /* HourWeatherItem.swift */; };
		85AEBA6329963B830057BE2C /* DayWeatherItem.swift in Sources */ = {isa = PBXBuildFile; fileRef = 85AEBA6229963B830057BE2C /* DayWeatherItem.swift */; };
		85AEBA6A2996460D0057BE2C /* TextModifier.swift in Sources */ = {isa = PBXBuildFile; fileRef = 85AEBA692996460D0057BE2C /* TextModifier.swift */; };
		85AEBA6C299647340057BE2C /* SUIT-Bold.ttf in Resources */ = {isa = PBXBuildFile; fileRef = 85AEBA6B299647340057BE2C /* SUIT-Bold.ttf */; };
		85AEBA6E299647430057BE2C /* SUIT-Medium.ttf in Resources */ = {isa = PBXBuildFile; fileRef = 85AEBA6D299647430057BE2C /* SUIT-Medium.ttf */; };
		85AEBA702996474B0057BE2C /* SUIT-SemiBold.ttf in Resources */ = {isa = PBXBuildFile; fileRef = 85AEBA6F2996474B0057BE2C /* SUIT-SemiBold.ttf */; };
		85AEBA722996477C0057BE2C /* SUIT-Light.ttf in Resources */ = {isa = PBXBuildFile; fileRef = 85AEBA712996477C0057BE2C /* SUIT-Light.ttf */; };
		85AEBA74299647E30057BE2C /* Fonts.swift in Sources */ = {isa = PBXBuildFile; fileRef = 85AEBA73299647E30057BE2C /* Fonts.swift */; };
		85AEBA772997C9100057BE2C /* Color+Extension.swift in Sources */ = {isa = PBXBuildFile; fileRef = 85AEBA762997C9100057BE2C /* Color+Extension.swift */; };
		85AEBA812997DDD40057BE2C /* CurrentWeatherView.swift in Sources */ = {isa = PBXBuildFile; fileRef = 85AEBA802997DDD40057BE2C /* CurrentWeatherView.swift */; };
/* End PBXBuildFile section */

/* Begin PBXContainerItemProxy section */
		854316E6299BC29900A3686B /* PBXContainerItemProxy */ = {
			isa = PBXContainerItemProxy;
			containerPortal = 8565BE9E298BF05500CBD52B /* Project object */;
			proxyType = 1;
			remoteGlobalIDString = 854316D2299BC29800A3686B;
			remoteInfo = WeatherWidgetExtension;
		};
/* End PBXContainerItemProxy section */

/* Begin PBXCopyFilesBuildPhase section */
		854316E9299BC29900A3686B /* Embed Foundation Extensions */ = {
			isa = PBXCopyFilesBuildPhase;
			buildActionMask = 2147483647;
			dstPath = "";
			dstSubfolderSpec = 13;
			files = (
				854316E8299BC29900A3686B /* WeatherWidgetExtension.appex in Embed Foundation Extensions */,
			);
			name = "Embed Foundation Extensions";
			runOnlyForDeploymentPostprocessing = 0;
		};
/* End PBXCopyFilesBuildPhase section */

/* Begin PBXFileReference section */
		854316D3299BC29800A3686B /* WeatherWidgetExtension.appex */ = {isa = PBXFileReference; explicitFileType = "wrapper.app-extension"; includeInIndex = 0; path = WeatherWidgetExtension.appex; sourceTree = BUILT_PRODUCTS_DIR; };
		854316D5299BC29800A3686B /* WidgetKit.framework */ = {isa = PBXFileReference; lastKnownFileType = wrapper.framework; name = WidgetKit.framework; path = System/Library/Frameworks/WidgetKit.framework; sourceTree = SDKROOT; };
		854316D7299BC29800A3686B /* SwiftUI.framework */ = {isa = PBXFileReference; lastKnownFileType = wrapper.framework; name = SwiftUI.framework; path = System/Library/Frameworks/SwiftUI.framework; sourceTree = SDKROOT; };
		854316DA299BC29800A3686B /* WeatherWidgetBundle.swift */ = {isa = PBXFileReference; lastKnownFileType = sourcecode.swift; path = WeatherWidgetBundle.swift; sourceTree = "<group>"; };
		854316DC299BC29800A3686B /* WeatherWidgetLiveActivity.swift */ = {isa = PBXFileReference; lastKnownFileType = sourcecode.swift; path = WeatherWidgetLiveActivity.swift; sourceTree = "<group>"; };
		854316DE299BC29800A3686B /* WeatherWidget.swift */ = {isa = PBXFileReference; lastKnownFileType = sourcecode.swift; path = WeatherWidget.swift; sourceTree = "<group>"; };
		854316E0299BC29800A3686B /* WeatherWidget.intentdefinition */ = {isa = PBXFileReference; lastKnownFileType = file.intentdefinition; path = WeatherWidget.intentdefinition; sourceTree = "<group>"; };
		854316E1299BC29900A3686B /* Assets.xcassets */ = {isa = PBXFileReference; lastKnownFileType = folder.assetcatalog; path = Assets.xcassets; sourceTree = "<group>"; };
		854316E3299BC29900A3686B /* Info.plist */ = {isa = PBXFileReference; lastKnownFileType = text.plist.xml; path = Info.plist; sourceTree = "<group>"; };
		8565BEA6298BF05500CBD52B /* TodayweatherApp.app */ = {isa = PBXFileReference; explicitFileType = wrapper.application; includeInIndex = 0; path = TodayweatherApp.app; sourceTree = BUILT_PRODUCTS_DIR; };
		8565BEA9298BF05500CBD52B /* TodayweatherAppApp.swift */ = {isa = PBXFileReference; lastKnownFileType = sourcecode.swift; path = TodayweatherAppApp.swift; sourceTree = "<group>"; };
		8565BEAB298BF05500CBD52B /* ContentView.swift */ = {isa = PBXFileReference; lastKnownFileType = sourcecode.swift; path = ContentView.swift; sourceTree = "<group>"; };
		8565BEAD298BF05700CBD52B /* Assets.xcassets */ = {isa = PBXFileReference; lastKnownFileType = folder.assetcatalog; path = Assets.xcassets; sourceTree = "<group>"; };
		8565BEB0298BF05700CBD52B /* Preview Assets.xcassets */ = {isa = PBXFileReference; lastKnownFileType = folder.assetcatalog; path = "Preview Assets.xcassets"; sourceTree = "<group>"; };
		8565BEB7298BF74F00CBD52B /* Info.plist */ = {isa = PBXFileReference; lastKnownFileType = text.plist; path = Info.plist; sourceTree = "<group>"; };
		8565BEB9298E947900CBD52B /* WeatherAPIManager.swift */ = {isa = PBXFileReference; lastKnownFileType = sourcecode.swift; path = WeatherAPIManager.swift; sourceTree = "<group>"; };
		8565BEBE298E95AB00CBD52B /* .gitignore */ = {isa = PBXFileReference; lastKnownFileType = text; path = .gitignore; sourceTree = "<group>"; };
		8565BEC1298E95D400CBD52B /* APIKey.swift */ = {isa = PBXFileReference; lastKnownFileType = sourcecode.swift; path = APIKey.swift; sourceTree = "<group>"; };
		8565BEC4298E986800CBD52B /* EndPoint.swift */ = {isa = PBXFileReference; lastKnownFileType = sourcecode.swift; path = EndPoint.swift; sourceTree = "<group>"; };
		8565BED0298FA77400CBD52B /* UltraSrtNcst.swift */ = {isa = PBXFileReference; lastKnownFileType = sourcecode.swift; path = UltraSrtNcst.swift; sourceTree = "<group>"; };
		8565BED4298FB65800CBD52B /* WeatherAPIRouter.swift */ = {isa = PBXFileReference; lastKnownFileType = sourcecode.swift; path = WeatherAPIRouter.swift; sourceTree = "<group>"; };
		8565BED7298FBE9F00CBD52B /* GeoConverter.swift */ = {isa = PBXFileReference; lastKnownFileType = sourcecode.swift; path = GeoConverter.swift; sourceTree = "<group>"; };
		8565BED9298FC48500CBD52B /* Grid.swift */ = {isa = PBXFileReference; lastKnownFileType = sourcecode.swift; path = Grid.swift; sourceTree = "<group>"; };
		8565BEDF298FE72600CBD52B /* WeatherURLEncoding.swift */ = {isa = PBXFileReference; lastKnownFileType = sourcecode.swift; path = WeatherURLEncoding.swift; sourceTree = "<group>"; };
		859EDF0329912576002FFE35 /* WeatherNetworkType.swift */ = {isa = PBXFileReference; lastKnownFileType = sourcecode.swift; path = WeatherNetworkType.swift; sourceTree = "<group>"; };
		859EDF0529927990002FFE35 /* UltraSrtFcst.swift */ = {isa = PBXFileReference; lastKnownFileType = sourcecode.swift; path = UltraSrtFcst.swift; sourceTree = "<group>"; };
		859EDF0729927C57002FFE35 /* VilageFcst.swift */ = {isa = PBXFileReference; lastKnownFileType = sourcecode.swift; path = VilageFcst.swift; sourceTree = "<group>"; };
		85AEBA542995DB3C0057BE2C /* HourWeatherView.swift */ = {isa = PBXFileReference; lastKnownFileType = sourcecode.swift; path = HourWeatherView.swift; sourceTree = "<group>"; };
		85AEBA562995DB5B0057BE2C /* WeatherHome.swift */ = {isa = PBXFileReference; lastKnownFileType = sourcecode.swift; path = WeatherHome.swift; sourceTree = "<group>"; };
		85AEBA592995DDD80057BE2C /* WeatherViewModel.swift */ = {isa = PBXFileReference; lastKnownFileType = sourcecode.swift; path = WeatherViewModel.swift; sourceTree = "<group>"; };
		85AEBA5C2995E7380057BE2C /* HourWeather.swift */ = {isa = PBXFileReference; lastKnownFileType = sourcecode.swift; path = HourWeather.swift; sourceTree = "<group>"; };
		85AEBA6029961AFA0057BE2C /* HourWeatherItem.swift */ = {isa = PBXFileReference; lastKnownFileType = sourcecode.swift; path = HourWeatherItem.swift; sourceTree = "<group>"; };
		85AEBA6229963B830057BE2C /* DayWeatherItem.swift */ = {isa = PBXFileReference; lastKnownFileType = sourcecode.swift; path = DayWeatherItem.swift; sourceTree = "<group>"; };
		85AEBA692996460D0057BE2C /* TextModifier.swift */ = {isa = PBXFileReference; lastKnownFileType = sourcecode.swift; path = TextModifier.swift; sourceTree = "<group>"; };
		85AEBA6B299647340057BE2C /* SUIT-Bold.ttf */ = {isa = PBXFileReference; lastKnownFileType = file; path = "SUIT-Bold.ttf"; sourceTree = "<group>"; };
		85AEBA6D299647430057BE2C /* SUIT-Medium.ttf */ = {isa = PBXFileReference; lastKnownFileType = file; path = "SUIT-Medium.ttf"; sourceTree = "<group>"; };
		85AEBA6F2996474B0057BE2C /* SUIT-SemiBold.ttf */ = {isa = PBXFileReference; lastKnownFileType = file; path = "SUIT-SemiBold.ttf"; sourceTree = "<group>"; };
		85AEBA712996477C0057BE2C /* SUIT-Light.ttf */ = {isa = PBXFileReference; lastKnownFileType = file; path = "SUIT-Light.ttf"; sourceTree = "<group>"; };
		85AEBA73299647E30057BE2C /* Fonts.swift */ = {isa = PBXFileReference; lastKnownFileType = sourcecode.swift; path = Fonts.swift; sourceTree = "<group>"; };
		85AEBA762997C9100057BE2C /* Color+Extension.swift */ = {isa = PBXFileReference; lastKnownFileType = sourcecode.swift; path = "Color+Extension.swift"; sourceTree = "<group>"; };
		85AEBA802997DDD40057BE2C /* CurrentWeatherView.swift */ = {isa = PBXFileReference; lastKnownFileType = sourcecode.swift; path = CurrentWeatherView.swift; sourceTree = "<group>"; };
/* End PBXFileReference section */

/* Begin PBXFrameworksBuildPhase section */
		854316D0299BC29800A3686B /* Frameworks */ = {
			isa = PBXFrameworksBuildPhase;
			buildActionMask = 2147483647;
			files = (
				854316D8299BC29800A3686B /* SwiftUI.framework in Frameworks */,
				854316D6299BC29800A3686B /* WidgetKit.framework in Frameworks */,
			);
			runOnlyForDeploymentPostprocessing = 0;
		};
		8565BEA3298BF05500CBD52B /* Frameworks */ = {
			isa = PBXFrameworksBuildPhase;
			buildActionMask = 2147483647;
			files = (
				8565BECB298FA65D00CBD52B /* Alamofire in Frameworks */,
			);
			runOnlyForDeploymentPostprocessing = 0;
		};
/* End PBXFrameworksBuildPhase section */

/* Begin PBXGroup section */
		854316D4299BC29800A3686B /* Frameworks */ = {
			isa = PBXGroup;
			children = (
				854316D5299BC29800A3686B /* WidgetKit.framework */,
				854316D7299BC29800A3686B /* SwiftUI.framework */,
			);
			name = Frameworks;
			sourceTree = "<group>";
		};
		854316D9299BC29800A3686B /* WeatherWidget */ = {
			isa = PBXGroup;
			children = (
				854316DA299BC29800A3686B /* WeatherWidgetBundle.swift */,
				854316DC299BC29800A3686B /* WeatherWidgetLiveActivity.swift */,
				854316DE299BC29800A3686B /* WeatherWidget.swift */,
				854316E0299BC29800A3686B /* WeatherWidget.intentdefinition */,
				854316E1299BC29900A3686B /* Assets.xcassets */,
				854316E3299BC29900A3686B /* Info.plist */,
			);
			path = WeatherWidget;
			sourceTree = "<group>";
		};
		8565BE9D298BF05500CBD52B = {
			isa = PBXGroup;
			children = (
				8565BEBE298E95AB00CBD52B /* .gitignore */,
				8565BEA8298BF05500CBD52B /* TodayweatherApp */,
				854316D9299BC29800A3686B /* WeatherWidget */,
				854316D4299BC29800A3686B /* Frameworks */,
				8565BEA7298BF05500CBD52B /* Products */,
			);
			sourceTree = "<group>";
		};
		8565BEA7298BF05500CBD52B /* Products */ = {
			isa = PBXGroup;
			children = (
				8565BEA6298BF05500CBD52B /* TodayweatherApp.app */,
				854316D3299BC29800A3686B /* WeatherWidgetExtension.appex */,
			);
			name = Products;
			sourceTree = "<group>";
		};
		8565BEA8298BF05500CBD52B /* TodayweatherApp */ = {
			isa = PBXGroup;
			children = (
				8565BEA9298BF05500CBD52B /* TodayweatherAppApp.swift */,
				85AEBA64299645370057BE2C /* Resource */,
				85AEBA5B2995E7270057BE2C /* Model */,
				85AEBA582995DDB90057BE2C /* ViewModel */,
				85AEBA532995D9950057BE2C /* Views */,
				8565BED6298FBE8400CBD52B /* Utils */,
				8565BEB8298E946200CBD52B /* Network */,
				8565BEB7298BF74F00CBD52B /* Info.plist */,
				8565BEAD298BF05700CBD52B /* Assets.xcassets */,
				8565BEAF298BF05700CBD52B /* Preview Content */,
			);
			path = TodayweatherApp;
			sourceTree = "<group>";
		};
		8565BEAF298BF05700CBD52B /* Preview Content */ = {
			isa = PBXGroup;
			children = (
				8565BEB0298BF05700CBD52B /* Preview Assets.xcassets */,
			);
			path = "Preview Content";
			sourceTree = "<group>";
		};
		8565BEB8298E946200CBD52B /* Network */ = {
			isa = PBXGroup;
			children = (
				8565BEC3298E986000CBD52B /* EndPoint */,
				8565BED3298FB57500CBD52B /* Router */,
				8565BECF298FA74700CBD52B /* Model */,
				8565BEC0298E95C900CBD52B /* APIKey */,
				8565BEB9298E947900CBD52B /* WeatherAPIManager.swift */,
			);
			path = Network;
			sourceTree = "<group>";
		};
		8565BEC0298E95C900CBD52B /* APIKey */ = {
			isa = PBXGroup;
			children = (
				8565BEC1298E95D400CBD52B /* APIKey.swift */,
			);
			path = APIKey;
			sourceTree = "<group>";
		};
		8565BEC3298E986000CBD52B /* EndPoint */ = {
			isa = PBXGroup;
			children = (
				8565BEC4298E986800CBD52B /* EndPoint.swift */,
			);
			path = EndPoint;
			sourceTree = "<group>";
		};
		8565BECF298FA74700CBD52B /* Model */ = {
			isa = PBXGroup;
			children = (
				8565BED0298FA77400CBD52B /* UltraSrtNcst.swift */,
				8565BED9298FC48500CBD52B /* Grid.swift */,
				859EDF0329912576002FFE35 /* WeatherNetworkType.swift */,
				859EDF0529927990002FFE35 /* UltraSrtFcst.swift */,
				859EDF0729927C57002FFE35 /* VilageFcst.swift */,
			);
			path = Model;
			sourceTree = "<group>";
		};
		8565BED3298FB57500CBD52B /* Router */ = {
			isa = PBXGroup;
			children = (
				8565BED4298FB65800CBD52B /* WeatherAPIRouter.swift */,
			);
			path = Router;
			sourceTree = "<group>";
		};
		8565BED6298FBE8400CBD52B /* Utils */ = {
			isa = PBXGroup;
			children = (
				8565BED7298FBE9F00CBD52B /* GeoConverter.swift */,
				8565BEDF298FE72600CBD52B /* WeatherURLEncoding.swift */,
			);
			path = Utils;
			sourceTree = "<group>";
		};
		85AEBA532995D9950057BE2C /* Views */ = {
			isa = PBXGroup;
			children = (
				85AEBA67299645D90057BE2C /* Common */,
				8565BEAB298BF05500CBD52B /* ContentView.swift */,
				85AEBA562995DB5B0057BE2C /* WeatherHome.swift */,
				85AEBA802997DDD40057BE2C /* CurrentWeatherView.swift */,
				85AEBA542995DB3C0057BE2C /* HourWeatherView.swift */,
				85AEBA6229963B830057BE2C /* DayWeatherItem.swift */,
				85AEBA6029961AFA0057BE2C /* HourWeatherItem.swift */,
			);
			path = Views;
			sourceTree = "<group>";
		};
		85AEBA582995DDB90057BE2C /* ViewModel */ = {
			isa = PBXGroup;
			children = (
				85AEBA592995DDD80057BE2C /* WeatherViewModel.swift */,
			);
			path = ViewModel;
			sourceTree = "<group>";
		};
		85AEBA5B2995E7270057BE2C /* Model */ = {
			isa = PBXGroup;
			children = (
				85AEBA5C2995E7380057BE2C /* HourWeather.swift */,
			);
			path = Model;
			sourceTree = "<group>";
		};
		85AEBA64299645370057BE2C /* Resource */ = {
			isa = PBXGroup;
			children = (
				85AEBA712996477C0057BE2C /* SUIT-Light.ttf */,
				85AEBA6F2996474B0057BE2C /* SUIT-SemiBold.ttf */,
				85AEBA6D299647430057BE2C /* SUIT-Medium.ttf */,
				85AEBA6B299647340057BE2C /* SUIT-Bold.ttf */,
				85AEBA73299647E30057BE2C /* Fonts.swift */,
			);
			path = Resource;
			sourceTree = "<group>";
		};
		85AEBA67299645D90057BE2C /* Common */ = {
			isa = PBXGroup;
			children = (
				85AEBA752997C9040057BE2C /* Extension */,
				85AEBA68299645E00057BE2C /* Modifier */,
			);
			path = Common;
			sourceTree = "<group>";
		};
		85AEBA68299645E00057BE2C /* Modifier */ = {
			isa = PBXGroup;
			children = (
				85AEBA692996460D0057BE2C /* TextModifier.swift */,
			);
			path = Modifier;
			sourceTree = "<group>";
		};
		85AEBA752997C9040057BE2C /* Extension */ = {
			isa = PBXGroup;
			children = (
				85AEBA762997C9100057BE2C /* Color+Extension.swift */,
			);
			path = Extension;
			sourceTree = "<group>";
		};
/* End PBXGroup section */

/* Begin PBXNativeTarget section */
		854316D2299BC29800A3686B /* WeatherWidgetExtension */ = {
			isa = PBXNativeTarget;
			buildConfigurationList = 854316EC299BC29900A3686B /* Build configuration list for PBXNativeTarget "WeatherWidgetExtension" */;
			buildPhases = (
				854316CF299BC29800A3686B /* Sources */,
				854316D0299BC29800A3686B /* Frameworks */,
				854316D1299BC29800A3686B /* Resources */,
			);
			buildRules = (
			);
			dependencies = (
			);
			name = WeatherWidgetExtension;
			productName = WeatherWidgetExtension;
			productReference = 854316D3299BC29800A3686B /* WeatherWidgetExtension.appex */;
			productType = "com.apple.product-type.app-extension";
		};
		8565BEA5298BF05500CBD52B /* TodayweatherApp */ = {
			isa = PBXNativeTarget;
			buildConfigurationList = 8565BEB4298BF05700CBD52B /* Build configuration list for PBXNativeTarget "TodayweatherApp" */;
			buildPhases = (
				8565BEA2298BF05500CBD52B /* Sources */,
				8565BEA3298BF05500CBD52B /* Frameworks */,
				8565BEA4298BF05500CBD52B /* Resources */,
				854316E9299BC29900A3686B /* Embed Foundation Extensions */,
			);
			buildRules = (
			);
			dependencies = (
				854316E7299BC29900A3686B /* PBXTargetDependency */,
			);
			name = TodayweatherApp;
			packageProductDependencies = (
				8565BECA298FA65D00CBD52B /* Alamofire */,
			);
			productName = TodayweatherApp;
			productReference = 8565BEA6298BF05500CBD52B /* TodayweatherApp.app */;
			productType = "com.apple.product-type.application";
		};
/* End PBXNativeTarget section */

/* Begin PBXProject section */
		8565BE9E298BF05500CBD52B /* Project object */ = {
			isa = PBXProject;
			attributes = {
				BuildIndependentTargetsInParallel = 1;
				LastSwiftUpdateCheck = 1420;
				LastUpgradeCheck = 1420;
				TargetAttributes = {
					854316D2299BC29800A3686B = {
						CreatedOnToolsVersion = 14.2;
					};
					8565BEA5298BF05500CBD52B = {
						CreatedOnToolsVersion = 14.2;
					};
				};
			};
			buildConfigurationList = 8565BEA1298BF05500CBD52B /* Build configuration list for PBXProject "TodayweatherApp" */;
			compatibilityVersion = "Xcode 14.0";
			developmentRegion = en;
			hasScannedForEncodings = 0;
			knownRegions = (
				en,
				Base,
			);
			mainGroup = 8565BE9D298BF05500CBD52B;
			packageReferences = (
				8565BEC9298FA65D00CBD52B /* XCRemoteSwiftPackageReference "Alamofire" */,
			);
			productRefGroup = 8565BEA7298BF05500CBD52B /* Products */;
			projectDirPath = "";
			projectRoot = "";
			targets = (
				8565BEA5298BF05500CBD52B /* TodayweatherApp */,
				854316D2299BC29800A3686B /* WeatherWidgetExtension */,
			);
		};
/* End PBXProject section */

/* Begin PBXResourcesBuildPhase section */
		854316D1299BC29800A3686B /* Resources */ = {
			isa = PBXResourcesBuildPhase;
			buildActionMask = 2147483647;
			files = (
				854316E2299BC29900A3686B /* Assets.xcassets in Resources */,
			);
			runOnlyForDeploymentPostprocessing = 0;
		};
		8565BEA4298BF05500CBD52B /* Resources */ = {
			isa = PBXResourcesBuildPhase;
			buildActionMask = 2147483647;
			files = (
				85AEBA702996474B0057BE2C /* SUIT-SemiBold.ttf in Resources */,
				85AEBA722996477C0057BE2C /* SUIT-Light.ttf in Resources */,
				85AEBA6C299647340057BE2C /* SUIT-Bold.ttf in Resources */,
				8565BEB1298BF05700CBD52B /* Preview Assets.xcassets in Resources */,
				85AEBA6E299647430057BE2C /* SUIT-Medium.ttf in Resources */,
				8565BEBF298E95AB00CBD52B /* .gitignore in Resources */,
				8565BEAE298BF05700CBD52B /* Assets.xcassets in Resources */,
			);
			runOnlyForDeploymentPostprocessing = 0;
		};
/* End PBXResourcesBuildPhase section */

/* Begin PBXSourcesBuildPhase section */
		854316CF299BC29800A3686B /* Sources */ = {
			isa = PBXSourcesBuildPhase;
			buildActionMask = 2147483647;
			files = (
				854316DB299BC29800A3686B /* WeatherWidgetBundle.swift in Sources */,
				854316DD299BC29800A3686B /* WeatherWidgetLiveActivity.swift in Sources */,
				854316DF299BC29800A3686B /* WeatherWidget.swift in Sources */,
				854316E4299BC29900A3686B /* WeatherWidget.intentdefinition in Sources */,
			);
			runOnlyForDeploymentPostprocessing = 0;
		};
		8565BEA2298BF05500CBD52B /* Sources */ = {
			isa = PBXSourcesBuildPhase;
			buildActionMask = 2147483647;
			files = (
				85AEBA572995DB5B0057BE2C /* WeatherHome.swift in Sources */,
				85AEBA6A2996460D0057BE2C /* TextModifier.swift in Sources */,
				8565BEBA298E947900CBD52B /* WeatherAPIManager.swift in Sources */,
				8565BEAC298BF05500CBD52B /* ContentView.swift in Sources */,
				859EDF0629927990002FFE35 /* UltraSrtFcst.swift in Sources */,
				8565BED5298FB65800CBD52B /* WeatherAPIRouter.swift in Sources */,
				8565BEE0298FE72600CBD52B /* WeatherURLEncoding.swift in Sources */,
				85AEBA74299647E30057BE2C /* Fonts.swift in Sources */,
				85AEBA5D2995E7380057BE2C /* HourWeather.swift in Sources */,
				85AEBA772997C9100057BE2C /* Color+Extension.swift in Sources */,
				859EDF0829927C57002FFE35 /* VilageFcst.swift in Sources */,
				854316E5299BC29900A3686B /* WeatherWidget.intentdefinition in Sources */,
				8565BEC5298E986800CBD52B /* EndPoint.swift in Sources */,
				8565BED8298FBE9F00CBD52B /* GeoConverter.swift in Sources */,
				8565BEC2298E95D400CBD52B /* APIKey.swift in Sources */,
				8565BED1298FA77400CBD52B /* UltraSrtNcst.swift in Sources */,
				85AEBA812997DDD40057BE2C /* CurrentWeatherView.swift in Sources */,
				85AEBA6329963B830057BE2C /* DayWeatherItem.swift in Sources */,
				8565BEAA298BF05500CBD52B /* TodayweatherAppApp.swift in Sources */,
				85AEBA6129961AFA0057BE2C /* HourWeatherItem.swift in Sources */,
				8565BEDA298FC48500CBD52B /* Grid.swift in Sources */,
				859EDF0429912576002FFE35 /* WeatherNetworkType.swift in Sources */,
				85AEBA552995DB3C0057BE2C /* HourWeatherView.swift in Sources */,
				85AEBA5A2995DDD80057BE2C /* WeatherViewModel.swift in Sources */,
			);
			runOnlyForDeploymentPostprocessing = 0;
		};
/* End PBXSourcesBuildPhase section */

/* Begin PBXTargetDependency section */
		854316E7299BC29900A3686B /* PBXTargetDependency */ = {
			isa = PBXTargetDependency;
			target = 854316D2299BC29800A3686B /* WeatherWidgetExtension */;
			targetProxy = 854316E6299BC29900A3686B /* PBXContainerItemProxy */;
		};
/* End PBXTargetDependency section */

/* Begin XCBuildConfiguration section */
		854316EA299BC29900A3686B /* Debug */ = {
			isa = XCBuildConfiguration;
			buildSettings = {
				ASSETCATALOG_COMPILER_GLOBAL_ACCENT_COLOR_NAME = AccentColor;
				ASSETCATALOG_COMPILER_WIDGET_BACKGROUND_COLOR_NAME = WidgetBackground;
				CODE_SIGN_STYLE = Automatic;
				CURRENT_PROJECT_VERSION = 1;
				DEVELOPMENT_TEAM = 3K4KWAG7KD;
				GENERATE_INFOPLIST_FILE = YES;
				INFOPLIST_FILE = WeatherWidget/Info.plist;
				INFOPLIST_KEY_CFBundleDisplayName = WeatherWidget;
				INFOPLIST_KEY_NSHumanReadableCopyright = "";
				IPHONEOS_DEPLOYMENT_TARGET = 14.0;
				LD_RUNPATH_SEARCH_PATHS = (
					"$(inherited)",
					"@executable_path/Frameworks",
					"@executable_path/../../Frameworks",
				);
				MARKETING_VERSION = 1.0;
				PRODUCT_BUNDLE_IDENTIFIER = com.hano.TodayweatherApp.WeatherWidget;
				PRODUCT_NAME = "$(TARGET_NAME)";
				SKIP_INSTALL = YES;
				SWIFT_EMIT_LOC_STRINGS = YES;
				SWIFT_VERSION = 5.0;
				TARGETED_DEVICE_FAMILY = 1;
			};
			name = Debug;
		};
		854316EB299BC29900A3686B /* Release */ = {
			isa = XCBuildConfiguration;
			buildSettings = {
				ASSETCATALOG_COMPILER_GLOBAL_ACCENT_COLOR_NAME = AccentColor;
				ASSETCATALOG_COMPILER_WIDGET_BACKGROUND_COLOR_NAME = WidgetBackground;
				CODE_SIGN_STYLE = Automatic;
				CURRENT_PROJECT_VERSION = 1;
				DEVELOPMENT_TEAM = 3K4KWAG7KD;
				GENERATE_INFOPLIST_FILE = YES;
				INFOPLIST_FILE = WeatherWidget/Info.plist;
				INFOPLIST_KEY_CFBundleDisplayName = WeatherWidget;
				INFOPLIST_KEY_NSHumanReadableCopyright = "";
				IPHONEOS_DEPLOYMENT_TARGET = 14.0;
				LD_RUNPATH_SEARCH_PATHS = (
					"$(inherited)",
					"@executable_path/Frameworks",
					"@executable_path/../../Frameworks",
				);
				MARKETING_VERSION = 1.0;
				PRODUCT_BUNDLE_IDENTIFIER = com.hano.TodayweatherApp.WeatherWidget;
				PRODUCT_NAME = "$(TARGET_NAME)";
				SKIP_INSTALL = YES;
				SWIFT_EMIT_LOC_STRINGS = YES;
				SWIFT_VERSION = 5.0;
				TARGETED_DEVICE_FAMILY = 1;
			};
			name = Release;
		};
		8565BEB2298BF05700CBD52B /* Debug */ = {
			isa = XCBuildConfiguration;
			buildSettings = {
				ALWAYS_SEARCH_USER_PATHS = NO;
				CLANG_ANALYZER_NONNULL = YES;
				CLANG_ANALYZER_NUMBER_OBJECT_CONVERSION = YES_AGGRESSIVE;
				CLANG_CXX_LANGUAGE_STANDARD = "gnu++20";
				CLANG_ENABLE_MODULES = YES;
				CLANG_ENABLE_OBJC_ARC = YES;
				CLANG_ENABLE_OBJC_WEAK = YES;
				CLANG_WARN_BLOCK_CAPTURE_AUTORELEASING = YES;
				CLANG_WARN_BOOL_CONVERSION = YES;
				CLANG_WARN_COMMA = YES;
				CLANG_WARN_CONSTANT_CONVERSION = YES;
				CLANG_WARN_DEPRECATED_OBJC_IMPLEMENTATIONS = YES;
				CLANG_WARN_DIRECT_OBJC_ISA_USAGE = YES_ERROR;
				CLANG_WARN_DOCUMENTATION_COMMENTS = YES;
				CLANG_WARN_EMPTY_BODY = YES;
				CLANG_WARN_ENUM_CONVERSION = YES;
				CLANG_WARN_INFINITE_RECURSION = YES;
				CLANG_WARN_INT_CONVERSION = YES;
				CLANG_WARN_NON_LITERAL_NULL_CONVERSION = YES;
				CLANG_WARN_OBJC_IMPLICIT_RETAIN_SELF = YES;
				CLANG_WARN_OBJC_LITERAL_CONVERSION = YES;
				CLANG_WARN_OBJC_ROOT_CLASS = YES_ERROR;
				CLANG_WARN_QUOTED_INCLUDE_IN_FRAMEWORK_HEADER = YES;
				CLANG_WARN_RANGE_LOOP_ANALYSIS = YES;
				CLANG_WARN_STRICT_PROTOTYPES = YES;
				CLANG_WARN_SUSPICIOUS_MOVE = YES;
				CLANG_WARN_UNGUARDED_AVAILABILITY = YES_AGGRESSIVE;
				CLANG_WARN_UNREACHABLE_CODE = YES;
				CLANG_WARN__DUPLICATE_METHOD_MATCH = YES;
				COPY_PHASE_STRIP = NO;
				DEBUG_INFORMATION_FORMAT = dwarf;
				ENABLE_STRICT_OBJC_MSGSEND = YES;
				ENABLE_TESTABILITY = YES;
				GCC_C_LANGUAGE_STANDARD = gnu11;
				GCC_DYNAMIC_NO_PIC = NO;
				GCC_NO_COMMON_BLOCKS = YES;
				GCC_OPTIMIZATION_LEVEL = 0;
				GCC_PREPROCESSOR_DEFINITIONS = (
					"DEBUG=1",
					"$(inherited)",
				);
				GCC_WARN_64_TO_32_BIT_CONVERSION = YES;
				GCC_WARN_ABOUT_RETURN_TYPE = YES_ERROR;
				GCC_WARN_UNDECLARED_SELECTOR = YES;
				GCC_WARN_UNINITIALIZED_AUTOS = YES_AGGRESSIVE;
				GCC_WARN_UNUSED_FUNCTION = YES;
				GCC_WARN_UNUSED_VARIABLE = YES;
				IPHONEOS_DEPLOYMENT_TARGET = 14.0;
				MTL_ENABLE_DEBUG_INFO = INCLUDE_SOURCE;
				MTL_FAST_MATH = YES;
				ONLY_ACTIVE_ARCH = YES;
				SDKROOT = iphoneos;
				SWIFT_ACTIVE_COMPILATION_CONDITIONS = DEBUG;
				SWIFT_OPTIMIZATION_LEVEL = "-Onone";
			};
			name = Debug;
		};
		8565BEB3298BF05700CBD52B /* Release */ = {
			isa = XCBuildConfiguration;
			buildSettings = {
				ALWAYS_SEARCH_USER_PATHS = NO;
				CLANG_ANALYZER_NONNULL = YES;
				CLANG_ANALYZER_NUMBER_OBJECT_CONVERSION = YES_AGGRESSIVE;
				CLANG_CXX_LANGUAGE_STANDARD = "gnu++20";
				CLANG_ENABLE_MODULES = YES;
				CLANG_ENABLE_OBJC_ARC = YES;
				CLANG_ENABLE_OBJC_WEAK = YES;
				CLANG_WARN_BLOCK_CAPTURE_AUTORELEASING = YES;
				CLANG_WARN_BOOL_CONVERSION = YES;
				CLANG_WARN_COMMA = YES;
				CLANG_WARN_CONSTANT_CONVERSION = YES;
				CLANG_WARN_DEPRECATED_OBJC_IMPLEMENTATIONS = YES;
				CLANG_WARN_DIRECT_OBJC_ISA_USAGE = YES_ERROR;
				CLANG_WARN_DOCUMENTATION_COMMENTS = YES;
				CLANG_WARN_EMPTY_BODY = YES;
				CLANG_WARN_ENUM_CONVERSION = YES;
				CLANG_WARN_INFINITE_RECURSION = YES;
				CLANG_WARN_INT_CONVERSION = YES;
				CLANG_WARN_NON_LITERAL_NULL_CONVERSION = YES;
				CLANG_WARN_OBJC_IMPLICIT_RETAIN_SELF = YES;
				CLANG_WARN_OBJC_LITERAL_CONVERSION = YES;
				CLANG_WARN_OBJC_ROOT_CLASS = YES_ERROR;
				CLANG_WARN_QUOTED_INCLUDE_IN_FRAMEWORK_HEADER = YES;
				CLANG_WARN_RANGE_LOOP_ANALYSIS = YES;
				CLANG_WARN_STRICT_PROTOTYPES = YES;
				CLANG_WARN_SUSPICIOUS_MOVE = YES;
				CLANG_WARN_UNGUARDED_AVAILABILITY = YES_AGGRESSIVE;
				CLANG_WARN_UNREACHABLE_CODE = YES;
				CLANG_WARN__DUPLICATE_METHOD_MATCH = YES;
				COPY_PHASE_STRIP = NO;
				DEBUG_INFORMATION_FORMAT = "dwarf-with-dsym";
				ENABLE_NS_ASSERTIONS = NO;
				ENABLE_STRICT_OBJC_MSGSEND = YES;
				GCC_C_LANGUAGE_STANDARD = gnu11;
				GCC_NO_COMMON_BLOCKS = YES;
				GCC_WARN_64_TO_32_BIT_CONVERSION = YES;
				GCC_WARN_ABOUT_RETURN_TYPE = YES_ERROR;
				GCC_WARN_UNDECLARED_SELECTOR = YES;
				GCC_WARN_UNINITIALIZED_AUTOS = YES_AGGRESSIVE;
				GCC_WARN_UNUSED_FUNCTION = YES;
				GCC_WARN_UNUSED_VARIABLE = YES;
				IPHONEOS_DEPLOYMENT_TARGET = 14.0;
				MTL_ENABLE_DEBUG_INFO = NO;
				MTL_FAST_MATH = YES;
				SDKROOT = iphoneos;
				SWIFT_COMPILATION_MODE = wholemodule;
				SWIFT_OPTIMIZATION_LEVEL = "-O";
				VALIDATE_PRODUCT = YES;
			};
			name = Release;
		};
		8565BEB5298BF05700CBD52B /* Debug */ = {
			isa = XCBuildConfiguration;
			buildSettings = {
				ALWAYS_EMBED_SWIFT_STANDARD_LIBRARIES = YES;
				ASSETCATALOG_COMPILER_APPICON_NAME = AppIcon;
				ASSETCATALOG_COMPILER_GLOBAL_ACCENT_COLOR_NAME = AccentColor;
				CODE_SIGN_STYLE = Automatic;
				CURRENT_PROJECT_VERSION = 1;
				DEVELOPMENT_ASSET_PATHS = "\"TodayweatherApp/Preview Content\"";
				DEVELOPMENT_TEAM = 3K4KWAG7KD;
				ENABLE_PREVIEWS = YES;
				GENERATE_INFOPLIST_FILE = YES;
				INFOPLIST_FILE = TodayweatherApp/Info.plist;
				INFOPLIST_KEY_UIApplicationSupportsIndirectInputEvents = YES;
				INFOPLIST_KEY_UILaunchScreen_Generation = YES;
				INFOPLIST_KEY_UISupportedInterfaceOrientations = UIInterfaceOrientationPortrait;
				INFOPLIST_KEY_UISupportedInterfaceOrientations_iPad = "UIInterfaceOrientationLandscapeLeft UIInterfaceOrientationLandscapeRight UIInterfaceOrientationPortrait UIInterfaceOrientationPortraitUpsideDown";
				IPHONEOS_DEPLOYMENT_TARGET = 14.0;
				LD_RUNPATH_SEARCH_PATHS = (
					"$(inherited)",
					"@executable_path/Frameworks",
				);
				MARKETING_VERSION = 1.0;
				PRODUCT_BUNDLE_IDENTIFIER = com.hano.TodayweatherApp;
				PRODUCT_NAME = "$(TARGET_NAME)";
				SUPPORTED_PLATFORMS = "iphoneos iphonesimulator";
				SUPPORTS_MACCATALYST = NO;
				SUPPORTS_MAC_DESIGNED_FOR_IPHONE_IPAD = NO;
				SWIFT_EMIT_LOC_STRINGS = YES;
				SWIFT_VERSION = 5.0;
				TARGETED_DEVICE_FAMILY = 1;
			};
			name = Debug;
		};
		8565BEB6298BF05700CBD52B /* Release */ = {
			isa = XCBuildConfiguration;
			buildSettings = {
				ALWAYS_EMBED_SWIFT_STANDARD_LIBRARIES = YES;
				ASSETCATALOG_COMPILER_APPICON_NAME = AppIcon;
				ASSETCATALOG_COMPILER_GLOBAL_ACCENT_COLOR_NAME = AccentColor;
				CODE_SIGN_STYLE = Automatic;
				CURRENT_PROJECT_VERSION = 1;
				DEVELOPMENT_ASSET_PATHS = "\"TodayweatherApp/Preview Content\"";
				DEVELOPMENT_TEAM = 3K4KWAG7KD;
				ENABLE_PREVIEWS = YES;
				GENERATE_INFOPLIST_FILE = YES;
				INFOPLIST_FILE = TodayweatherApp/Info.plist;
				INFOPLIST_KEY_UIApplicationSupportsIndirectInputEvents = YES;
				INFOPLIST_KEY_UILaunchScreen_Generation = YES;
				INFOPLIST_KEY_UISupportedInterfaceOrientations = UIInterfaceOrientationPortrait;
				INFOPLIST_KEY_UISupportedInterfaceOrientations_iPad = "UIInterfaceOrientationLandscapeLeft UIInterfaceOrientationLandscapeRight UIInterfaceOrientationPortrait UIInterfaceOrientationPortraitUpsideDown";
				IPHONEOS_DEPLOYMENT_TARGET = 14.0;
				LD_RUNPATH_SEARCH_PATHS = (
					"$(inherited)",
					"@executable_path/Frameworks",
				);
				MARKETING_VERSION = 1.0;
				PRODUCT_BUNDLE_IDENTIFIER = com.hano.TodayweatherApp;
				PRODUCT_NAME = "$(TARGET_NAME)";
				SUPPORTED_PLATFORMS = "iphoneos iphonesimulator";
				SUPPORTS_MACCATALYST = NO;
				SUPPORTS_MAC_DESIGNED_FOR_IPHONE_IPAD = NO;
				SWIFT_EMIT_LOC_STRINGS = YES;
				SWIFT_VERSION = 5.0;
				TARGETED_DEVICE_FAMILY = 1;
			};
			name = Release;
		};
/* End XCBuildConfiguration section */

/* Begin XCConfigurationList section */
		854316EC299BC29900A3686B /* Build configuration list for PBXNativeTarget "WeatherWidgetExtension" */ = {
			isa = XCConfigurationList;
			buildConfigurations = (
				854316EA299BC29900A3686B /* Debug */,
				854316EB299BC29900A3686B /* Release */,
			);
			defaultConfigurationIsVisible = 0;
			defaultConfigurationName = Release;
		};
		8565BEA1298BF05500CBD52B /* Build configuration list for PBXProject "TodayweatherApp" */ = {
			isa = XCConfigurationList;
			buildConfigurations = (
				8565BEB2298BF05700CBD52B /* Debug */,
				8565BEB3298BF05700CBD52B /* Release */,
			);
			defaultConfigurationIsVisible = 0;
			defaultConfigurationName = Release;
		};
		8565BEB4298BF05700CBD52B /* Build configuration list for PBXNativeTarget "TodayweatherApp" */ = {
			isa = XCConfigurationList;
			buildConfigurations = (
				8565BEB5298BF05700CBD52B /* Debug */,
				8565BEB6298BF05700CBD52B /* Release */,
			);
			defaultConfigurationIsVisible = 0;
			defaultConfigurationName = Release;
		};
/* End XCConfigurationList section */

/* Begin XCRemoteSwiftPackageReference section */
		8565BEC9298FA65D00CBD52B /* XCRemoteSwiftPackageReference "Alamofire" */ = {
			isa = XCRemoteSwiftPackageReference;
			repositoryURL = "https://github.com/Alamofire/Alamofire.git";
			requirement = {
				kind = upToNextMajorVersion;
				minimumVersion = 5.0.0;
			};
		};
/* End XCRemoteSwiftPackageReference section */

/* Begin XCSwiftPackageProductDependency section */
		8565BECA298FA65D00CBD52B /* Alamofire */ = {
			isa = XCSwiftPackageProductDependency;
			package = 8565BEC9298FA65D00CBD52B /* XCRemoteSwiftPackageReference "Alamofire" */;
			productName = Alamofire;
		};
/* End XCSwiftPackageProductDependency section */
	};
	rootObject = 8565BE9E298BF05500CBD52B /* Project object */;
}
